
Microsoft Visual Studio Solution File, Format Version 12.00
# Visual Studio Version 17
VisualStudioVersion = 17.1.32319.34
MinimumVisualStudioVersion = 10.0.40219.1
Project("{FAE04EC0-301F-11D3-BF4B-00C04F79EFBC}") = "DesktopController", "DesktopController\DesktopController.csproj", "{09A05D4F-91FC-46D4-B41B-5172A8B2DF07}"
EndProject
Global
	GlobalSection(SolutionConfigurationPlatforms) = preSolution
		Debug|Any CPU = Debug|Any CPU
		Release|Any CPU = Release|Any CPU
	EndGlobalSection
	GlobalSection(ProjectConfigurationPlatforms) = postSolution
		{09A05D4F-91FC-46D4-B41B-5172A8B2DF07}.Debug|Any CPU.ActiveCfg = Debug|Any CPU
		{09A05D4F-91FC-46D4-B41B-5172A8B2DF07}.Debug|Any CPU.Build.0 = Debug|Any CPU
		{09A05D4F-91FC-46D4-B41B-5172A8B2DF07}.Release|Any CPU.ActiveCfg = Release|Any CPU
		{09A05D4F-91FC-46D4-B41B-5172A8B2DF07}.Release|Any CPU.Build.0 = Release|Any CPU
	EndGlobalSection
	GlobalSection(SolutionProperties) = preSolution
		HideSolutionNode = FALSE
	EndGlobalSection
	GlobalSection(ExtensibilityGlobals) = postSolution
		SolutionGuid = {196A6E1F-7A47-457E-9A59-B4DDAC2C6409}
	EndGlobalSection
EndGlobal
